{
    "_readme": [
        "This file locks the dependencies of your project to a known state",
        "Read more about it at https://getcomposer.org/doc/01-basic-usage.md#composer-lock-the-lock-file",
        "This file is @generated automatically"
    ],
    "content-hash": "460a84bba3742b70e0859d19b292cfe5",
    "packages": [
        {
            "name": "deployer/recipes",
            "version": "dev-master",
            "source": {
                "type": "git",
                "url": "https://github.com/deployphp/recipes.git",
                "reference": "4b8dfe4eddc707416ac9d7ab650bd00e42b30b17"
            },
            "dist": {
                "type": "zip",
                "url": "https://api.github.com/repos/deployphp/recipes/zipball/4b8dfe4eddc707416ac9d7ab650bd00e42b30b17",
                "reference": "4b8dfe4eddc707416ac9d7ab650bd00e42b30b17",
                "shasum": ""
            },
            "replace": {
                "deployer/recipes": "self.version"
            },
            "type": "library",
            "autoload": {
                "files": [
                    "autoload.php"
                ]
            },
            "notification-url": "https://packagist.org/downloads/",
            "license": [
                "MIT"
            ],
            "authors": [
                {
                    "name": "Anton Medvedev",
                    "email": "anton@medv.io"
                }
            ],
            "description": "3rd party deployer recipes",
            "homepage": "https://github.com/deployphp/recipes",
            "keywords": [
                "cachetool",
                "cloudflare",
                "deploy",
                "deployer",
                "deployment",
                "hipchat",
                "newrelic",
                "rabbit",
                "recipes",
                "sentry",
                "slack",
                "yarn"
            ],
            "time": "2017-04-10 14:16:56"
        }
    ],
    "packages-dev": [],
    "aliases": [],
    "minimum-stability": "stable",
    "stability-flags": {
        "deployer/recipes": 20
    },
    "prefer-stable": false,
    "prefer-lowest": false,
    "platform": [],
    "platform-dev": []
}
